
Microsoft Visual Studio Solution File, Format Version 12.00
# Visual Studio 15
VisualStudioVersion = 15.0.28307.705
MinimumVisualStudioVersion = 10.0.40219.1
Project("{FAE04EC0-301F-11D3-BF4B-00C04F79EFBC}") = "ClassStudentAndApply", "ClassStudentAndApply\ClassStudentAndApply.csproj", "{098D08D4-EC5B-4617-935C-646CBC1CBC4B}"
EndProject
Global
	GlobalSection(SolutionConfigurationPlatforms) = preSolution
		Debug|Any CPU = Debug|Any CPU
		Release|Any CPU = Release|Any CPU
	EndGlobalSection
	GlobalSection(ProjectConfigurationPlatforms) = postSolution
		{098D08D4-EC5B-4617-935C-646CBC1CBC4B}.Debug|Any CPU.ActiveCfg = Debug|Any CPU
		{098D08D4-EC5B-4617-935C-646CBC1CBC4B}.Debug|Any CPU.Build.0 = Debug|Any CPU
		{098D08D4-EC5B-4617-935C-646CBC1CBC4B}.Release|Any CPU.ActiveCfg = Release|Any CPU
		{098D08D4-EC5B-4617-935C-646CBC1CBC4B}.Release|Any CPU.Build.0 = Release|Any CPU
	EndGlobalSection
	GlobalSection(SolutionProperties) = preSolution
		HideSolutionNode = FALSE
	EndGlobalSection
	GlobalSection(ExtensibilityGlobals) = postSolution
		SolutionGuid = {F44B7F34-67DE-46B1-BC12-AE2DF0FF4CE7}
	EndGlobalSection
EndGlobal
